// !$*UTF8*$!
{
	archiveVersion = 1;
	classes = {
	};
	objectVersion = 50;
	objects = {

/* Begin PBXBuildFile section */
		D7048F8321A9279700C76DB2 /* AppDelegate.swift in Sources */ = {isa = PBXBuildFile; fileRef = D7048F8221A9279700C76DB2 /* AppDelegate.swift */; };
		D7048F8521A9279700C76DB2 /* ViewController.swift in Sources */ = {isa = PBXBuildFile; fileRef = D7048F8421A9279700C76DB2 /* ViewController.swift */; };
		D7048F8A21A9279900C76DB2 /* Assets.xcassets in Resources */ = {isa = PBXBuildFile; fileRef = D7048F8921A9279900C76DB2 /* Assets.xcassets */; };
		D7048F8D21A9279900C76DB2 /* LaunchScreen.storyboard in Resources */ = {isa = PBXBuildFile; fileRef = D7048F8B21A9279900C76DB2 /* LaunchScreen.storyboard */; };
		D7048F9621A927CB00C76DB2 /* Constants.swift in Sources */ = {isa = PBXBuildFile; fileRef = D7048F9521A927CB00C76DB2 /* Constants.swift */; };
		D7048F9821A9282A00C76DB2 /* UIColor.swift in Sources */ = {isa = PBXBuildFile; fileRef = D7048F9721A9282A00C76DB2 /* UIColor.swift */; };
		D7048F9A21A928BD00C76DB2 /* Styling.swift in Sources */ = {isa = PBXBuildFile; fileRef = D7048F9921A928BD00C76DB2 /* Styling.swift */; };
		D7048F9C21A929A300C76DB2 /* HomeView.swift in Sources */ = {isa = PBXBuildFile; fileRef = D7048F9B21A929A300C76DB2 /* HomeView.swift */; };
/* End PBXBuildFile section */

/* Begin PBXFileReference section */
		D7048F7F21A9279700C76DB2 /* Resaturate.app */ = {isa = PBXFileReference; explicitFileType = wrapper.application; includeInIndex = 0; path = Resaturate.app; sourceTree = BUILT_PRODUCTS_DIR; };
		D7048F8221A9279700C76DB2 /* AppDelegate.swift */ = {isa = PBXFileReference; lastKnownFileType = sourcecode.swift; path = AppDelegate.swift; sourceTree = "<group>"; };
		D7048F8421A9279700C76DB2 /* ViewController.swift */ = {isa = PBXFileReference; lastKnownFileType = sourcecode.swift; path = ViewController.swift; sourceTree = "<group>"; };
		D7048F8921A9279900C76DB2 /* Assets.xcassets */ = {isa = PBXFileReference; lastKnownFileType = folder.assetcatalog; path = Assets.xcassets; sourceTree = "<group>"; };
		D7048F8C21A9279900C76DB2 /* Base */ = {isa = PBXFileReference; lastKnownFileType = file.storyboard; name = Base; path = Base.lproj/LaunchScreen.storyboard; sourceTree = "<group>"; };
		D7048F8E21A9279900C76DB2 /* Info.plist */ = {isa = PBXFileReference; lastKnownFileType = text.plist.xml; path = Info.plist; sourceTree = "<group>"; };
		D7048F9521A927CB00C76DB2 /* Constants.swift */ = {isa = PBXFileReference; lastKnownFileType = sourcecode.swift; path = Constants.swift; sourceTree = "<group>"; };
		D7048F9721A9282A00C76DB2 /* UIColor.swift */ = {isa = PBXFileReference; lastKnownFileType = sourcecode.swift; path = UIColor.swift; sourceTree = "<group>"; };
		D7048F9921A928BD00C76DB2 /* Styling.swift */ = {isa = PBXFileReference; lastKnownFileType = sourcecode.swift; path = Styling.swift; sourceTree = "<group>"; };
		D7048F9B21A929A300C76DB2 /* HomeView.swift */ = {isa = PBXFileReference; lastKnownFileType = sourcecode.swift; path = HomeView.swift; sourceTree = "<group>"; };
/* End PBXFileReference section */

/* Begin PBXFrameworksBuildPhase section */
		D7048F7C21A9279700C76DB2 /* Frameworks */ = {
			isa = PBXFrameworksBuildPhase;
			buildActionMask = 2147483647;
			files = (
			);
			runOnlyForDeploymentPostprocessing = 0;
		};
/* End PBXFrameworksBuildPhase section */

/* Begin PBXGroup section */
		D7048F7621A9279700C76DB2 = {
			isa = PBXGroup;
			children = (
				D7048F8121A9279700C76DB2 /* Resaturate */,
				D7048F8021A9279700C76DB2 /* Products */,
			);
			sourceTree = "<group>";
		};
		D7048F8021A9279700C76DB2 /* Products */ = {
			isa = PBXGroup;
			children = (
				D7048F7F21A9279700C76DB2 /* Resaturate.app */,
			);
			name = Products;
			sourceTree = "<group>";
		};
		D7048F8121A9279700C76DB2 /* Resaturate */ = {
			isa = PBXGroup;
			children = (
				D7048F9421A927BF00C76DB2 /* Extension */,
				D7048F8221A9279700C76DB2 /* AppDelegate.swift */,
				D7048F8421A9279700C76DB2 /* ViewController.swift */,
				D7048F8921A9279900C76DB2 /* Assets.xcassets */,
				D7048F8B21A9279900C76DB2 /* LaunchScreen.storyboard */,
				D7048F8E21A9279900C76DB2 /* Info.plist */,
				D7048F9B21A929A300C76DB2 /* HomeView.swift */,
			);
			path = Resaturate;
			sourceTree = "<group>";
		};
		D7048F9421A927BF00C76DB2 /* Extension */ = {
			isa = PBXGroup;
			children = (
				D7048F9521A927CB00C76DB2 /* Constants.swift */,
				D7048F9721A9282A00C76DB2 /* UIColor.swift */,
				D7048F9921A928BD00C76DB2 /* Styling.swift */,
			);
			path = Extension;
			sourceTree = "<group>";
		};
/* End PBXGroup section */

/* Begin PBXNativeTarget section */
		D7048F7E21A9279700C76DB2 /* Resaturate */ = {
			isa = PBXNativeTarget;
			buildConfigurationList = D7048F9121A9279900C76DB2 /* Build configuration list for PBXNativeTarget "Resaturate" */;
			buildPhases = (
				D7048F7B21A9279700C76DB2 /* Sources */,
				D7048F7C21A9279700C76DB2 /* Frameworks */,
				D7048F7D21A9279700C76DB2 /* Resources */,
			);
			buildRules = (
			);
			dependencies = (
			);
			name = Resaturate;
			productName = Resaturate;
			productReference = D7048F7F21A9279700C76DB2 /* Resaturate.app */;
			productType = "com.apple.product-type.application";
		};
/* End PBXNativeTarget section */

/* Begin PBXProject section */
		D7048F7721A9279700C76DB2 /* Project object */ = {
			isa = PBXProject;
			attributes = {
				LastSwiftUpdateCheck = 1010;
				LastUpgradeCheck = 1010;
				ORGANIZATIONNAME = Wesaturate;
				TargetAttributes = {
					D7048F7E21A9279700C76DB2 = {
						CreatedOnToolsVersion = 10.1;
					};
				};
			};
			buildConfigurationList = D7048F7A21A9279700C76DB2 /* Build configuration list for PBXProject "Resaturate" */;
			compatibilityVersion = "Xcode 9.3";
			developmentRegion = en;
			hasScannedForEncodings = 0;
			knownRegions = (
				en,
				Base,
			);
			mainGroup = D7048F7621A9279700C76DB2;
			productRefGroup = D7048F8021A9279700C76DB2 /* Products */;
			projectDirPath = "";
			projectRoot = "";
			targets = (
				D7048F7E21A9279700C76DB2 /* Resaturate */,
			);
		};
/* End PBXProject section */

/* Begin PBXResourcesBuildPhase section */
		D7048F7D21A9279700C76DB2 /* Resources */ = {
			isa = PBXResourcesBuildPhase;
			buildActionMask = 2147483647;
			files = (
				D7048F8D21A9279900C76DB2 /* LaunchScreen.storyboard in Resources */,
				D7048F8A21A9279900C76DB2 /* Assets.xcassets in Resources */,
			);
			runOnlyForDeploymentPostprocessing = 0;
		};
/* End PBXResourcesBuildPhase section */

/* Begin PBXSourcesBuildPhase section */
		D7048F7B21A9279700C76DB2 /* Sources */ = {
			isa = PBXSourcesBuildPhase;
			buildActionMask = 2147483647;
			files = (
				D7048F9A21A928BD00C76DB2 /* Styling.swift in Sources */,
				D7048F8521A9279700C76DB2 /* ViewController.swift in Sources */,
				D7048F9821A9282A00C76DB2 /* UIColor.swift in Sources */,
				D7048F9C21A929A300C76DB2 /* HomeView.swift in Sources */,
				D7048F8321A9279700C76DB2 /* AppDelegate.swift in Sources */,
				D7048F9621A927CB00C76DB2 /* Constants.swift in Sources */,
			);
			runOnlyForDeploymentPostprocessing = 0;
		};
/* End PBXSourcesBuildPhase section */

/* Begin PBXVariantGroup section */
		D7048F8B21A9279900C76DB2 /* LaunchScreen.storyboard */ = {
			isa = PBXVariantGroup;
			children = (
				D7048F8C21A9279900C76DB2 /* Base */,
			);
			name = LaunchScreen.storyboard;
			sourceTree = "<group>";
		};
/* End PBXVariantGroup section */

/* Begin XCBuildConfiguration section */
		D7048F8F21A9279900C76DB2 /* Debug */ = {
			isa = XCBuildConfiguration;
			buildSettings = {
				ALWAYS_SEARCH_USER_PATHS = NO;
				CLANG_ANALYZER_NONNULL = YES;
				CLANG_ANALYZER_NUMBER_OBJECT_CONVERSION = YES_AGGRESSIVE;
				CLANG_CXX_LANGUAGE_STANDARD = "gnu++14";
				CLANG_CXX_LIBRARY = "libc++";
				CLANG_ENABLE_MODULES = YES;
				CLANG_ENABLE_OBJC_ARC = YES;
				CLANG_ENABLE_OBJC_WEAK = YES;
				CLANG_WARN_BLOCK_CAPTURE_AUTORELEASING = YES;
				CLANG_WARN_BOOL_CONVERSION = YES;
				CLANG_WARN_COMMA = YES;
				CLANG_WARN_CONSTANT_CONVERSION = YES;
				CLANG_WARN_DEPRECATED_OBJC_IMPLEMENTATIONS = YES;
				CLANG_WARN_DIRECT_OBJC_ISA_USAGE = YES_ERROR;
				CLANG_WARN_DOCUMENTATION_COMMENTS = YES;
				CLANG_WARN_EMPTY_BODY = YES;
				CLANG_WARN_ENUM_CONVERSION = YES;
				CLANG_WARN_INFINITE_RECURSION = YES;
				CLANG_WARN_INT_CONVERSION = YES;
				CLANG_WARN_NON_LITERAL_NULL_CONVERSION = YES;
				CLANG_WARN_OBJC_IMPLICIT_RETAIN_SELF = YES;
				CLANG_WARN_OBJC_LITERAL_CONVERSION = YES;
				CLANG_WARN_OBJC_ROOT_CLASS = YES_ERROR;
				CLANG_WARN_RANGE_LOOP_ANALYSIS = YES;
				CLANG_WARN_STRICT_PROTOTYPES = YES;
				CLANG_WARN_SUSPICIOUS_MOVE = YES;
				CLANG_WARN_UNGUARDED_AVAILABILITY = YES_AGGRESSIVE;
				CLANG_WARN_UNREACHABLE_CODE = YES;
				CLANG_WARN__DUPLICATE_METHOD_MATCH = YES;
				CODE_SIGN_IDENTITY = "iPhone Developer";
				COPY_PHASE_STRIP = NO;
				DEBUG_INFORMATION_FORMAT = dwarf;
				ENABLE_STRICT_OBJC_MSGSEND = YES;
				ENABLE_TESTABILITY = YES;
				GCC_C_LANGUAGE_STANDARD = gnu11;
				GCC_DYNAMIC_NO_PIC = NO;
				GCC_NO_COMMON_BLOCKS = YES;
				GCC_OPTIMIZATION_LEVEL = 0;
				GCC_PREPROCESSOR_DEFINITIONS = (
					"DEBUG=1",
					"$(inherited)",
				);
				GCC_WARN_64_TO_32_BIT_CONVERSION = YES;
				GCC_WARN_ABOUT_RETURN_TYPE = YES_ERROR;
				GCC_WARN_UNDECLARED_SELECTOR = YES;
				GCC_WARN_UNINITIALIZED_AUTOS = YES_AGGRESSIVE;
				GCC_WARN_UNUSED_FUNCTION = YES;
				GCC_WARN_UNUSED_VARIABLE = YES;
				IPHONEOS_DEPLOYMENT_TARGET = 12.1;
				MTL_ENABLE_DEBUG_INFO = INCLUDE_SOURCE;
				MTL_FAST_MATH = YES;
				ONLY_ACTIVE_ARCH = YES;
				SDKROOT = iphoneos;
				SWIFT_ACTIVE_COMPILATION_CONDITIONS = DEBUG;
				SWIFT_OPTIMIZATION_LEVEL = "-Onone";
			};
			name = Debug;
		};
		D7048F9021A9279900C76DB2 /* Release */ = {
			isa = XCBuildConfiguration;
			buildSettings = {
				ALWAYS_SEARCH_USER_PATHS = NO;
				CLANG_ANALYZER_NONNULL = YES;
				CLANG_ANALYZER_NUMBER_OBJECT_CONVERSION = YES_AGGRESSIVE;
				CLANG_CXX_LANGUAGE_STANDARD = "gnu++14";
				CLANG_CXX_LIBRARY = "libc++";
				CLANG_ENABLE_MODULES = YES;
				CLANG_ENABLE_OBJC_ARC = YES;
				CLANG_ENABLE_OBJC_WEAK = YES;
				CLANG_WARN_BLOCK_CAPTURE_AUTORELEASING = YES;
				CLANG_WARN_BOOL_CONVERSION = YES;
				CLANG_WARN_COMMA = YES;
				CLANG_WARN_CONSTANT_CONVERSION = YES;
				CLANG_WARN_DEPRECATED_OBJC_IMPLEMENTATIONS = YES;
				CLANG_WARN_DIRECT_OBJC_ISA_USAGE = YES_ERROR;
				CLANG_WARN_DOCUMENTATION_COMMENTS = YES;
				CLANG_WARN_EMPTY_BODY = YES;
				CLANG_WARN_ENUM_CONVERSION = YES;
				CLANG_WARN_INFINITE_RECURSION = YES;
				CLANG_WARN_INT_CONVERSION = YES;
				CLANG_WARN_NON_LITERAL_NULL_CONVERSION = YES;
				CLANG_WARN_OBJC_IMPLICIT_RETAIN_SELF = YES;
				CLANG_WARN_OBJC_LITERAL_CONVERSION = YES;
				CLANG_WARN_OBJC_ROOT_CLASS = YES_ERROR;
				CLANG_WARN_RANGE_LOOP_ANALYSIS = YES;
				CLANG_WARN_STRICT_PROTOTYPES = YES;
				CLANG_WARN_SUSPICIOUS_MOVE = YES;
				CLANG_WARN_UNGUARDED_AVAILABILITY = YES_AGGRESSIVE;
				CLANG_WARN_UNREACHABLE_CODE = YES;
				CLANG_WARN__DUPLICATE_METHOD_MATCH = YES;
				CODE_SIGN_IDENTITY = "iPhone Developer";
				COPY_PHASE_STRIP = NO;
				DEBUG_INFORMATION_FORMAT = "dwarf-with-dsym";
				ENABLE_NS_ASSERTIONS = NO;
				ENABLE_STRICT_OBJC_MSGSEND = YES;
				GCC_C_LANGUAGE_STANDARD = gnu11;
				GCC_NO_COMMON_BLOCKS = YES;
				GCC_WARN_64_TO_32_BIT_CONVERSION = YES;
				GCC_WARN_ABOUT_RETURN_TYPE = YES_ERROR;
				GCC_WARN_UNDECLARED_SELECTOR = YES;
				GCC_WARN_UNINITIALIZED_AUTOS = YES_AGGRESSIVE;
				GCC_WARN_UNUSED_FUNCTION = YES;
				GCC_WARN_UNUSED_VARIABLE = YES;
				IPHONEOS_DEPLOYMENT_TARGET = 12.1;
				MTL_ENABLE_DEBUG_INFO = NO;
				MTL_FAST_MATH = YES;
				SDKROOT = iphoneos;
				SWIFT_COMPILATION_MODE = wholemodule;
				SWIFT_OPTIMIZATION_LEVEL = "-O";
				VALIDATE_PRODUCT = YES;
			};
			name = Release;
		};
		D7048F9221A9279900C76DB2 /* Debug */ = {
			isa = XCBuildConfiguration;
			buildSettings = {
				ASSETCATALOG_COMPILER_APPICON_NAME = AppIcon;
				CODE_SIGN_STYLE = Automatic;
				DEVELOPMENT_TEAM = JL7TCK5Y58;
				INFOPLIST_FILE = Resaturate/Info.plist;
				LD_RUNPATH_SEARCH_PATHS = (
					"$(inherited)",
					"@executable_path/Frameworks",
				);
				PRODUCT_BUNDLE_IDENTIFIER = io.gifton.Resaturate;
				PRODUCT_NAME = "$(TARGET_NAME)";
				SWIFT_VERSION = 4.2;
				TARGETED_DEVICE_FAMILY = "1,2";
			};
			name = Debug;
		};
		D7048F9321A9279900C76DB2 /* Release */ = {
			isa = XCBuildConfiguration;
			buildSettings = {
				ASSETCATALOG_COMPILER_APPICON_NAME = AppIcon;
				CODE_SIGN_STYLE = Automatic;
				DEVELOPMENT_TEAM = JL7TCK5Y58;
				INFOPLIST_FILE = Resaturate/Info.plist;
				LD_RUNPATH_SEARCH_PATHS = (
					"$(inherited)",
					"@executable_path/Frameworks",
				);
				PRODUCT_BUNDLE_IDENTIFIER = io.gifton.Resaturate;
				PRODUCT_NAME = "$(TARGET_NAME)";
				SWIFT_VERSION = 4.2;
				TARGETED_DEVICE_FAMILY = "1,2";
			};
			name = Release;
		};
/* End XCBuildConfiguration section */

/* Begin XCConfigurationList section */
		D7048F7A21A9279700C76DB2 /* Build configuration list for PBXProject "Resaturate" */ = {
			isa = XCConfigurationList;
			buildConfigurations = (
				D7048F8F21A9279900C76DB2 /* Debug */,
				D7048F9021A9279900C76DB2 /* Release */,
			);
			defaultConfigurationIsVisible = 0;
			defaultConfigurationName = Release;
		};
		D7048F9121A9279900C76DB2 /* Build configuration list for PBXNativeTarget "Resaturate" */ = {
			isa = XCConfigurationList;
			buildConfigurations = (
				D7048F9221A9279900C76DB2 /* Debug */,
				D7048F9321A9279900C76DB2 /* Release */,
			);
			defaultConfigurationIsVisible = 0;
			defaultConfigurationName = Release;
		};
/* End XCConfigurationList section */
	};
	rootObject = D7048F7721A9279700C76DB2 /* Project object */;
}
